# This file is automatically @generated by Cargo.
# It is not intended for manual editing.
version = 3

[[package]]
name = "codegen"
version = "0.1.0"
dependencies = [
 "error",
 "parser",
 "vm-bytecode",
]

[[package]]
name = "error"
version = "0.1.0"

[[package]]
name = "parser"
version = "0.1.0"
dependencies = [
 "error",
]

[[package]]
name = "vm-bytecode"
version = "0.1.0"
